Microsoft Visual Studio Solution File, Format Version 12.00
# Visual Studio Version 16
VisualStudioVersion = 16.0.29609.76
MinimumVisualStudioVersion = 10.0.40219.1
Project("{6EC3EE1D-3C4E-46DD-8F32-0CC8E7565705}") = "TaskHelper", "src\TaskHelper.fsproj", "{E5DEFC96-37CF-4844-9C9E-CFA0A9A8AED3}"
EndProject
Project("{6EC3EE1D-3C4E-46DD-8F32-0CC8E7565705}") = "TaskHelper.Tests", "TaskHelper.Tests\TaskHelper.Tests.fsproj", "{565F6F10-4831-43D3-A9C4-DA533884E6CA}"
EndProject
Global
	GlobalSection(SolutionConfigurationPlatforms) = preSolution
		Debug|Any CPU = Debug|Any CPU
		Release|Any CPU = Release|Any CPU
	EndGlobalSection
	GlobalSection(ProjectConfigurationPlatforms) = postSolution
		{E5DEFC96-37CF-4844-9C9E-CFA0A9A8AED3}.Debug|Any CPU.ActiveCfg = Debug|Any CPU
		{E5DEFC96-37CF-4844-9C9E-CFA0A9A8AED3}.Debug|Any CPU.Build.0 = Debug|Any CPU
		{E5DEFC96-37CF-4844-9C9E-CFA0A9A8AED3}.Release|Any CPU.ActiveCfg = Release|Any CPU
		{E5DEFC96-37CF-4844-9C9E-CFA0A9A8AED3}.Release|Any CPU.Build.0 = Release|Any CPU
		{565F6F10-4831-43D3-A9C4-DA533884E6CA}.Debug|Any CPU.ActiveCfg = Debug|Any CPU
		{565F6F10-4831-43D3-A9C4-DA533884E6CA}.Debug|Any CPU.Build.0 = Debug|Any CPU
		{565F6F10-4831-43D3-A9C4-DA533884E6CA}.Release|Any CPU.ActiveCfg = Release|Any CPU
		{565F6F10-4831-43D3-A9C4-DA533884E6CA}.Release|Any CPU.Build.0 = Release|Any CPU
	EndGlobalSection
	GlobalSection(SolutionProperties) = preSolution
		HideSolutionNode = FALSE
	EndGlobalSection
	GlobalSection(ExtensibilityGlobals) = postSolution
		SolutionGuid = {D91C3A99-15D5-49A7-BCD3-368715568DE2}
	EndGlobalSection
EndGlobal
